{
  "name": "harmonic-analysis",
  "lockfileVersion": 3,
  "requires": true,
  "packages": {
    "": {
      "devDependencies": {
        "baseline-browser-mapping": "^2.10.27"
      }
    },
    "node_modules/baseline-browser-mapping": {
      "version": "2.10.27",
      "resolved": "https://registry.npmjs.org/baseline-browser-mapping/-/baseline-browser-mapping-2.10.27.tgz",
      "integrity": "sha512-zEs/ufmZoUd7WftKpKyXaT6RFxpQ5Qm9xytKRHvJfxFV9DFJkZph9RvJ1LcOUi0Z1ZVijMte65JbILeV+8QQEA==",
      "dev": true,
      "license": "Apache-2.0",
      "bin": {
        "baseline-browser-mapping": "dist/cli.cjs"
      },
      "engines": {
        "node": ">=6.0.0"
      }
    }
  }
}
